
Microsoft Visual Studio Solution File, Format Version 12.00
# Visual Studio Version 17
VisualStudioVersion = 17.14.36301.6 d17.14
MinimumVisualStudioVersion = 10.0.40219.1
Project("{8BC9CEB8-8B4A-11D0-8D11-00A0C91BC942}") = "Excepciones", "Excepciones.vcxproj", "{F1B428D1-C0C4-4925-B9E3-E59902BBAC21}"
EndProject
Global
	GlobalSection(SolutionConfigurationPlatforms) = preSolution
		Debug|x64 = Debug|x64
		Debug|x86 = Debug|x86
		Release|x64 = Release|x64
		Release|x86 = Release|x86
	EndGlobalSection
	GlobalSection(ProjectConfigurationPlatforms) = postSolution
		{F1B428D1-C0C4-4925-B9E3-E59902BBAC21}.Debug|x64.ActiveCfg = Debug|x64
		{F1B428D1-C0C4-4925-B9E3-E59902BBAC21}.Debug|x64.Build.0 = Debug|x64
		{F1B428D1-C0C4-4925-B9E3-E59902BBAC21}.Debug|x86.ActiveCfg = Debug|Win32
		{F1B428D1-C0C4-4925-B9E3-E59902BBAC21}.Debug|x86.Build.0 = Debug|Win32
		{F1B428D1-C0C4-4925-B9E3-E59902BBAC21}.Release|x64.ActiveCfg = Release|x64
		{F1B428D1-C0C4-4925-B9E3-E59902BBAC21}.Release|x64.Build.0 = Release|x64
		{F1B428D1-C0C4-4925-B9E3-E59902BBAC21}.Release|x86.ActiveCfg = Release|Win32
		{F1B428D1-C0C4-4925-B9E3-E59902BBAC21}.Release|x86.Build.0 = Release|Win32
	EndGlobalSection
	GlobalSection(SolutionProperties) = preSolution
		HideSolutionNode = FALSE
	EndGlobalSection
	GlobalSection(ExtensibilityGlobals) = postSolution
		SolutionGuid = {2B242C4B-00C3-4F22-BE38-A65F72A28616}
	EndGlobalSection
EndGlobal
